
Microsoft Visual Studio Solution File, Format Version 12.00
# Visual Studio 15
Project("{FAE04EC0-301F-11D3-BF4B-00C04F79EFBC}") = "MobileImageClassifierApp.Android", "MobileImageClassifierApp.Android\MobileImageClassifierApp.Android.csproj", "{5A336B44-425D-4362-81E0-C9D42BBEEC76}"
EndProject
Project("{FAE04EC0-301F-11D3-BF4B-00C04F79EFBC}") = "MobileImageClassifierApp.iOS", "MobileImageClassifierApp.iOS\MobileImageClassifierApp.iOS.csproj", "{3003AF93-B14F-47E7-BA19-ED2913EF688D}"
EndProject
Project("{FAE04EC0-301F-11D3-BF4B-00C04F79EFBC}") = "MobileImageClassifierApp", "MobileImageClassifierApp\MobileImageClassifierApp.csproj", "{4073D96B-9158-43CB-8326-4046D5F816A5}"
EndProject
Global
	GlobalSection(SolutionConfigurationPlatforms) = preSolution
		Debug|Any CPU = Debug|Any CPU
		Release|Any CPU = Release|Any CPU
		Debug|iPhoneSimulator = Debug|iPhoneSimulator
		Release|iPhoneSimulator = Release|iPhoneSimulator
		Debug|iPhone = Debug|iPhone
		Release|iPhone = Release|iPhone
	EndGlobalSection
	GlobalSection(ProjectConfigurationPlatforms) = postSolution
		{5A336B44-425D-4362-81E0-C9D42BBEEC76}.Debug|Any CPU.ActiveCfg = Debug|Any CPU
		{5A336B44-425D-4362-81E0-C9D42BBEEC76}.Debug|Any CPU.Build.0 = Debug|Any CPU
		{5A336B44-425D-4362-81E0-C9D42BBEEC76}.Release|Any CPU.ActiveCfg = Release|Any CPU
		{5A336B44-425D-4362-81E0-C9D42BBEEC76}.Release|Any CPU.Build.0 = Release|Any CPU
		{5A336B44-425D-4362-81E0-C9D42BBEEC76}.Debug|iPhoneSimulator.ActiveCfg = Debug|Any CPU
		{5A336B44-425D-4362-81E0-C9D42BBEEC76}.Debug|iPhoneSimulator.Build.0 = Debug|Any CPU
		{5A336B44-425D-4362-81E0-C9D42BBEEC76}.Release|iPhoneSimulator.ActiveCfg = Release|Any CPU
		{5A336B44-425D-4362-81E0-C9D42BBEEC76}.Release|iPhoneSimulator.Build.0 = Release|Any CPU
		{5A336B44-425D-4362-81E0-C9D42BBEEC76}.Debug|iPhone.ActiveCfg = Debug|Any CPU
		{5A336B44-425D-4362-81E0-C9D42BBEEC76}.Debug|iPhone.Build.0 = Debug|Any CPU
		{5A336B44-425D-4362-81E0-C9D42BBEEC76}.Release|iPhone.ActiveCfg = Release|Any CPU
		{5A336B44-425D-4362-81E0-C9D42BBEEC76}.Release|iPhone.Build.0 = Release|Any CPU
		{3003AF93-B14F-47E7-BA19-ED2913EF688D}.Debug|Any CPU.ActiveCfg = Debug|iPhoneSimulator
		{3003AF93-B14F-47E7-BA19-ED2913EF688D}.Debug|Any CPU.Build.0 = Debug|iPhoneSimulator
		{3003AF93-B14F-47E7-BA19-ED2913EF688D}.Release|Any CPU.ActiveCfg = Release|iPhoneSimulator
		{3003AF93-B14F-47E7-BA19-ED2913EF688D}.Release|Any CPU.Build.0 = Release|iPhoneSimulator
		{3003AF93-B14F-47E7-BA19-ED2913EF688D}.Debug|iPhoneSimulator.ActiveCfg = Debug|iPhoneSimulator
		{3003AF93-B14F-47E7-BA19-ED2913EF688D}.Debug|iPhoneSimulator.Build.0 = Debug|iPhoneSimulator
		{3003AF93-B14F-47E7-BA19-ED2913EF688D}.Release|iPhoneSimulator.ActiveCfg = Release|iPhoneSimulator
		{3003AF93-B14F-47E7-BA19-ED2913EF688D}.Release|iPhoneSimulator.Build.0 = Release|iPhoneSimulator
		{3003AF93-B14F-47E7-BA19-ED2913EF688D}.Debug|iPhone.ActiveCfg = Debug|iPhone
		{3003AF93-B14F-47E7-BA19-ED2913EF688D}.Debug|iPhone.Build.0 = Debug|iPhone
		{3003AF93-B14F-47E7-BA19-ED2913EF688D}.Release|iPhone.ActiveCfg = Release|iPhone
		{3003AF93-B14F-47E7-BA19-ED2913EF688D}.Release|iPhone.Build.0 = Release|iPhone
		{4073D96B-9158-43CB-8326-4046D5F816A5}.Debug|Any CPU.ActiveCfg = Debug|Any CPU
		{4073D96B-9158-43CB-8326-4046D5F816A5}.Debug|Any CPU.Build.0 = Debug|Any CPU
		{4073D96B-9158-43CB-8326-4046D5F816A5}.Release|Any CPU.ActiveCfg = Release|Any CPU
		{4073D96B-9158-43CB-8326-4046D5F816A5}.Release|Any CPU.Build.0 = Release|Any CPU
		{4073D96B-9158-43CB-8326-4046D5F816A5}.Debug|iPhoneSimulator.ActiveCfg = Debug|Any CPU
		{4073D96B-9158-43CB-8326-4046D5F816A5}.Debug|iPhoneSimulator.Build.0 = Debug|Any CPU
		{4073D96B-9158-43CB-8326-4046D5F816A5}.Release|iPhoneSimulator.ActiveCfg = Release|Any CPU
		{4073D96B-9158-43CB-8326-4046D5F816A5}.Release|iPhoneSimulator.Build.0 = Release|Any CPU
		{4073D96B-9158-43CB-8326-4046D5F816A5}.Debug|iPhone.ActiveCfg = Debug|Any CPU
		{4073D96B-9158-43CB-8326-4046D5F816A5}.Debug|iPhone.Build.0 = Debug|Any CPU
		{4073D96B-9158-43CB-8326-4046D5F816A5}.Release|iPhone.ActiveCfg = Release|Any CPU
		{4073D96B-9158-43CB-8326-4046D5F816A5}.Release|iPhone.Build.0 = Release|Any CPU
	EndGlobalSection
EndGlobal
